// !$*UTF8*$!
{
	archiveVersion = 1;
	classes = {
	};
	objectVersion = 50;
	objects = {

/* Begin PBXBuildFile section */
		4046DFF1231D857600EBC306 /* AboutViewController.swift in Sources */ = {isa = PBXBuildFile; fileRef = 4046DFF0231D857600EBC306 /* AboutViewController.swift */; };
		40F7F281231966DD00F1CC05 /* AppDelegate.swift in Sources */ = {isa = PBXBuildFile; fileRef = 40F7F280231966DD00F1CC05 /* AppDelegate.swift */; };
		40F7F283231966DD00F1CC05 /* ViewController.swift in Sources */ = {isa = PBXBuildFile; fileRef = 40F7F282231966DD00F1CC05 /* ViewController.swift */; };
		40F7F286231966DD00F1CC05 /* Main.storyboard in Resources */ = {isa = PBXBuildFile; fileRef = 40F7F284231966DD00F1CC05 /* Main.storyboard */; };
		40F7F288231966DF00F1CC05 /* Assets.xcassets in Resources */ = {isa = PBXBuildFile; fileRef = 40F7F287231966DF00F1CC05 /* Assets.xcassets */; };
		40F7F28B231966DF00F1CC05 /* LaunchScreen.storyboard in Resources */ = {isa = PBXBuildFile; fileRef = 40F7F289231966DF00F1CC05 /* LaunchScreen.storyboard */; };
		40F7F296231966DF00F1CC05 /* BullsEyeTests.swift in Sources */ = {isa = PBXBuildFile; fileRef = 40F7F295231966DF00F1CC05 /* BullsEyeTests.swift */; };
		40F7F2A1231966E000F1CC05 /* BullsEyeUITests.swift in Sources */ = {isa = PBXBuildFile; fileRef = 40F7F2A0231966E000F1CC05 /* BullsEyeUITests.swift */; };
/* End PBXBuildFile section */

/* Begin PBXContainerItemProxy section */
		40F7F292231966DF00F1CC05 /* PBXContainerItemProxy */ = {
			isa = PBXContainerItemProxy;
			containerPortal = 40F7F275231966DD00F1CC05 /* Project object */;
			proxyType = 1;
			remoteGlobalIDString = 40F7F27C231966DD00F1CC05;
			remoteInfo = BullsEye;
		};
		40F7F29D231966E000F1CC05 /* PBXContainerItemProxy */ = {
			isa = PBXContainerItemProxy;
			containerPortal = 40F7F275231966DD00F1CC05 /* Project object */;
			proxyType = 1;
			remoteGlobalIDString = 40F7F27C231966DD00F1CC05;
			remoteInfo = BullsEye;
		};
/* End PBXContainerItemProxy section */

/* Begin PBXFileReference section */
		4046DFF0231D857600EBC306 /* AboutViewController.swift */ = {isa = PBXFileReference; lastKnownFileType = sourcecode.swift; path = AboutViewController.swift; sourceTree = "<group>"; };
		40F7F27D231966DD00F1CC05 /* BullsEye.app */ = {isa = PBXFileReference; explicitFileType = wrapper.application; includeInIndex = 0; path = BullsEye.app; sourceTree = BUILT_PRODUCTS_DIR; };
		40F7F280231966DD00F1CC05 /* AppDelegate.swift */ = {isa = PBXFileReference; lastKnownFileType = sourcecode.swift; path = AppDelegate.swift; sourceTree = "<group>"; };
		40F7F282231966DD00F1CC05 /* ViewController.swift */ = {isa = PBXFileReference; lastKnownFileType = sourcecode.swift; path = ViewController.swift; sourceTree = "<group>"; };
		40F7F285231966DD00F1CC05 /* Base */ = {isa = PBXFileReference; lastKnownFileType = file.storyboard; name = Base; path = Base.lproj/Main.storyboard; sourceTree = "<group>"; };
		40F7F287231966DF00F1CC05 /* Assets.xcassets */ = {isa = PBXFileReference; lastKnownFileType = folder.assetcatalog; path = Assets.xcassets; sourceTree = "<group>"; };
		40F7F28A231966DF00F1CC05 /* Base */ = {isa = PBXFileReference; lastKnownFileType = file.storyboard; name = Base; path = Base.lproj/LaunchScreen.storyboard; sourceTree = "<group>"; };
		40F7F28C231966DF00F1CC05 /* Info.plist */ = {isa = PBXFileReference; lastKnownFileType = text.plist.xml; path = Info.plist; sourceTree = "<group>"; };
		40F7F291231966DF00F1CC05 /* BullsEyeTests.xctest */ = {isa = PBXFileReference; explicitFileType = wrapper.cfbundle; includeInIndex = 0; path = BullsEyeTests.xctest; sourceTree = BUILT_PRODUCTS_DIR; };
		40F7F295231966DF00F1CC05 /* BullsEyeTests.swift */ = {isa = PBXFileReference; lastKnownFileType = sourcecode.swift; path = BullsEyeTests.swift; sourceTree = "<group>"; };
		40F7F297231966DF00F1CC05 /* Info.plist */ = {isa = PBXFileReference; lastKnownFileType = text.plist.xml; path = Info.plist; sourceTree = "<group>"; };
		40F7F29C231966E000F1CC05 /* BullsEyeUITests.xctest */ = {isa = PBXFileReference; explicitFileType = wrapper.cfbundle; includeInIndex = 0; path = BullsEyeUITests.xctest; sourceTree = BUILT_PRODUCTS_DIR; };
		40F7F2A0231966E000F1CC05 /* BullsEyeUITests.swift */ = {isa = PBXFileReference; lastKnownFileType = sourcecode.swift; path = BullsEyeUITests.swift; sourceTree = "<group>"; };
		40F7F2A2231966E000F1CC05 /* Info.plist */ = {isa = PBXFileReference; lastKnownFileType = text.plist.xml; path = Info.plist; sourceTree = "<group>"; };
/* End PBXFileReference section */

/* Begin PBXFrameworksBuildPhase section */
		40F7F27A231966DD00F1CC05 /* Frameworks */ = {
			isa = PBXFrameworksBuildPhase;
			buildActionMask = 2147483647;
			files = (
			);
			runOnlyForDeploymentPostprocessing = 0;
		};
		40F7F28E231966DF00F1CC05 /* Frameworks */ = {
			isa = PBXFrameworksBuildPhase;
			buildActionMask = 2147483647;
			files = (
			);
			runOnlyForDeploymentPostprocessing = 0;
		};
		40F7F299231966DF00F1CC05 /* Frameworks */ = {
			isa = PBXFrameworksBuildPhase;
			buildActionMask = 2147483647;
			files = (
			);
			runOnlyForDeploymentPostprocessing = 0;
		};
/* End PBXFrameworksBuildPhase section */

/* Begin PBXGroup section */
		40F7F274231966DD00F1CC05 = {
			isa = PBXGroup;
			children = (
				40F7F27F231966DD00F1CC05 /* BullsEye */,
				40F7F294231966DF00F1CC05 /* BullsEyeTests */,
				40F7F29F231966E000F1CC05 /* BullsEyeUITests */,
				40F7F27E231966DD00F1CC05 /* Products */,
			);
			sourceTree = "<group>";
		};
		40F7F27E231966DD00F1CC05 /* Products */ = {
			isa = PBXGroup;
			children = (
				40F7F27D231966DD00F1CC05 /* BullsEye.app */,
				40F7F291231966DF00F1CC05 /* BullsEyeTests.xctest */,
				40F7F29C231966E000F1CC05 /* BullsEyeUITests.xctest */,
			);
			name = Products;
			sourceTree = "<group>";
		};
		40F7F27F231966DD00F1CC05 /* BullsEye */ = {
			isa = PBXGroup;
			children = (
				40F7F280231966DD00F1CC05 /* AppDelegate.swift */,
				40F7F282231966DD00F1CC05 /* ViewController.swift */,
				40F7F284231966DD00F1CC05 /* Main.storyboard */,
				4046DFF0231D857600EBC306 /* AboutViewController.swift */,
				40F7F287231966DF00F1CC05 /* Assets.xcassets */,
				40F7F289231966DF00F1CC05 /* LaunchScreen.storyboard */,
				40F7F28C231966DF00F1CC05 /* Info.plist */,
			);
			path = BullsEye;
			sourceTree = "<group>";
		};
		40F7F294231966DF00F1CC05 /* BullsEyeTests */ = {
			isa = PBXGroup;
			children = (
				40F7F295231966DF00F1CC05 /* BullsEyeTests.swift */,
				40F7F297231966DF00F1CC05 /* Info.plist */,
			);
			path = BullsEyeTests;
			sourceTree = "<group>";
		};
		40F7F29F231966E000F1CC05 /* BullsEyeUITests */ = {
			isa = PBXGroup;
			children = (
				40F7F2A0231966E000F1CC05 /* BullsEyeUITests.swift */,
				40F7F2A2231966E000F1CC05 /* Info.plist */,
			);
			path = BullsEyeUITests;
			sourceTree = "<group>";
		};
/* End PBXGroup section */

/* Begin PBXNativeTarget section */
		40F7F27C231966DD00F1CC05 /* BullsEye */ = {
			isa = PBXNativeTarget;
			buildConfigurationList = 40F7F2A5231966E000F1CC05 /* Build configuration list for PBXNativeTarget "BullsEye" */;
			buildPhases = (
				40F7F279231966DD00F1CC05 /* Sources */,
				40F7F27A231966DD00F1CC05 /* Frameworks */,
				40F7F27B231966DD00F1CC05 /* Resources */,
			);
			buildRules = (
			);
			dependencies = (
			);
			name = BullsEye;
			productName = BullsEye;
			productReference = 40F7F27D231966DD00F1CC05 /* BullsEye.app */;
			productType = "com.apple.product-type.application";
		};
		40F7F290231966DF00F1CC05 /* BullsEyeTests */ = {
			isa = PBXNativeTarget;
			buildConfigurationList = 40F7F2A8231966E000F1CC05 /* Build configuration list for PBXNativeTarget "BullsEyeTests" */;
			buildPhases = (
				40F7F28D231966DF00F1CC05 /* Sources */,
				40F7F28E231966DF00F1CC05 /* Frameworks */,
				40F7F28F231966DF00F1CC05 /* Resources */,
			);
			buildRules = (
			);
			dependencies = (
				40F7F293231966DF00F1CC05 /* PBXTargetDependency */,
			);
			name = BullsEyeTests;
			productName = BullsEyeTests;
			productReference = 40F7F291231966DF00F1CC05 /* BullsEyeTests.xctest */;
			productType = "com.apple.product-type.bundle.unit-test";
		};
		40F7F29B231966DF00F1CC05 /* BullsEyeUITests */ = {
			isa = PBXNativeTarget;
			buildConfigurationList = 40F7F2AB231966E000F1CC05 /* Build configuration list for PBXNativeTarget "BullsEyeUITests" */;
			buildPhases = (
				40F7F298231966DF00F1CC05 /* Sources */,
				40F7F299231966DF00F1CC05 /* Frameworks */,
				40F7F29A231966DF00F1CC05 /* Resources */,
			);
			buildRules = (
			);
			dependencies = (
				40F7F29E231966E000F1CC05 /* PBXTargetDependency */,
			);
			name = BullsEyeUITests;
			productName = BullsEyeUITests;
			productReference = 40F7F29C231966E000F1CC05 /* BullsEyeUITests.xctest */;
			productType = "com.apple.product-type.bundle.ui-testing";
		};
/* End PBXNativeTarget section */

/* Begin PBXProject section */
		40F7F275231966DD00F1CC05 /* Project object */ = {
			isa = PBXProject;
			attributes = {
				LastSwiftUpdateCheck = 1030;
				LastUpgradeCheck = 1030;
				ORGANIZATIONNAME = Webeleven;
				TargetAttributes = {
					40F7F27C231966DD00F1CC05 = {
						CreatedOnToolsVersion = 10.3;
					};
					40F7F290231966DF00F1CC05 = {
						CreatedOnToolsVersion = 10.3;
						TestTargetID = 40F7F27C231966DD00F1CC05;
					};
					40F7F29B231966DF00F1CC05 = {
						CreatedOnToolsVersion = 10.3;
						TestTargetID = 40F7F27C231966DD00F1CC05;
					};
				};
			};
			buildConfigurationList = 40F7F278231966DD00F1CC05 /* Build configuration list for PBXProject "BullsEye" */;
			compatibilityVersion = "Xcode 9.3";
			developmentRegion = en;
			hasScannedForEncodings = 0;
			knownRegions = (
				en,
				Base,
			);
			mainGroup = 40F7F274231966DD00F1CC05;
			productRefGroup = 40F7F27E231966DD00F1CC05 /* Products */;
			projectDirPath = "";
			projectRoot = "";
			targets = (
				40F7F27C231966DD00F1CC05 /* BullsEye */,
				40F7F290231966DF00F1CC05 /* BullsEyeTests */,
				40F7F29B231966DF00F1CC05 /* BullsEyeUITests */,
			);
		};
/* End PBXProject section */

/* Begin PBXResourcesBuildPhase section */
		40F7F27B231966DD00F1CC05 /* Resources */ = {
			isa = PBXResourcesBuildPhase;
			buildActionMask = 2147483647;
			files = (
				40F7F28B231966DF00F1CC05 /* LaunchScreen.storyboard in Resources */,
				40F7F288231966DF00F1CC05 /* Assets.xcassets in Resources */,
				40F7F286231966DD00F1CC05 /* Main.storyboard in Resources */,
			);
			runOnlyForDeploymentPostprocessing = 0;
		};
		40F7F28F231966DF00F1CC05 /* Resources */ = {
			isa = PBXResourcesBuildPhase;
			buildActionMask = 2147483647;
			files = (
			);
			runOnlyForDeploymentPostprocessing = 0;
		};
		40F7F29A231966DF00F1CC05 /* Resources */ = {
			isa = PBXResourcesBuildPhase;
			buildActionMask = 2147483647;
			files = (
			);
			runOnlyForDeploymentPostprocessing = 0;
		};
/* End PBXResourcesBuildPhase section */

/* Begin PBXSourcesBuildPhase section */
		40F7F279231966DD00F1CC05 /* Sources */ = {
			isa = PBXSourcesBuildPhase;
			buildActionMask = 2147483647;
			files = (
				4046DFF1231D857600EBC306 /* AboutViewController.swift in Sources */,
				40F7F283231966DD00F1CC05 /* ViewController.swift in Sources */,
				40F7F281231966DD00F1CC05 /* AppDelegate.swift in Sources */,
			);
			runOnlyForDeploymentPostprocessing = 0;
		};
		40F7F28D231966DF00F1CC05 /* Sources */ = {
			isa = PBXSourcesBuildPhase;
			buildActionMask = 2147483647;
			files = (
				40F7F296231966DF00F1CC05 /* BullsEyeTests.swift in Sources */,
			);
			runOnlyForDeploymentPostprocessing = 0;
		};
		40F7F298231966DF00F1CC05 /* Sources */ = {
			isa = PBXSourcesBuildPhase;
			buildActionMask = 2147483647;
			files = (
				40F7F2A1231966E000F1CC05 /* BullsEyeUITests.swift in Sources */,
			);
			runOnlyForDeploymentPostprocessing = 0;
		};
/* End PBXSourcesBuildPhase section */

/* Begin PBXTargetDependency section */
		40F7F293231966DF00F1CC05 /* PBXTargetDependency */ = {
			isa = PBXTargetDependency;
			target = 40F7F27C231966DD00F1CC05 /* BullsEye */;
			targetProxy = 40F7F292231966DF00F1CC05 /* PBXContainerItemProxy */;
		};
		40F7F29E231966E000F1CC05 /* PBXTargetDependency */ = {
			isa = PBXTargetDependency;
			target = 40F7F27C231966DD00F1CC05 /* BullsEye */;
			targetProxy = 40F7F29D231966E000F1CC05 /* PBXContainerItemProxy */;
		};
/* End PBXTargetDependency section */

/* Begin PBXVariantGroup section */
		40F7F284231966DD00F1CC05 /* Main.storyboard */ = {
			isa = PBXVariantGroup;
			children = (
				40F7F285231966DD00F1CC05 /* Base */,
			);
			name = Main.storyboard;
			sourceTree = "<group>";
		};
		40F7F289231966DF00F1CC05 /* LaunchScreen.storyboard */ = {
			isa = PBXVariantGroup;
			children = (
				40F7F28A231966DF00F1CC05 /* Base */,
			);
			name = LaunchScreen.storyboard;
			sourceTree = "<group>";
		};
/* End PBXVariantGroup section */

/* Begin XCBuildConfiguration section */
		40F7F2A3231966E000F1CC05 /* Debug */ = {
			isa = XCBuildConfiguration;
			buildSettings = {
				ALWAYS_SEARCH_USER_PATHS = NO;
				CLANG_ANALYZER_NONNULL = YES;
				CLANG_ANALYZER_NUMBER_OBJECT_CONVERSION = YES_AGGRESSIVE;
				CLANG_CXX_LANGUAGE_STANDARD = "gnu++14";
				CLANG_CXX_LIBRARY = "libc++";
				CLANG_ENABLE_MODULES = YES;
				CLANG_ENABLE_OBJC_ARC = YES;
				CLANG_ENABLE_OBJC_WEAK = YES;
				CLANG_WARN_BLOCK_CAPTURE_AUTORELEASING = YES;
				CLANG_WARN_BOOL_CONVERSION = YES;
				CLANG_WARN_COMMA = YES;
				CLANG_WARN_CONSTANT_CONVERSION = YES;
				CLANG_WARN_DEPRECATED_OBJC_IMPLEMENTATIONS = YES;
				CLANG_WARN_DIRECT_OBJC_ISA_USAGE = YES_ERROR;
				CLANG_WARN_DOCUMENTATION_COMMENTS = YES;
				CLANG_WARN_EMPTY_BODY = YES;
				CLANG_WARN_ENUM_CONVERSION = YES;
				CLANG_WARN_INFINITE_RECURSION = YES;
				CLANG_WARN_INT_CONVERSION = YES;
				CLANG_WARN_NON_LITERAL_NULL_CONVERSION = YES;
				CLANG_WARN_OBJC_IMPLICIT_RETAIN_SELF = YES;
				CLANG_WARN_OBJC_LITERAL_CONVERSION = YES;
				CLANG_WARN_OBJC_ROOT_CLASS = YES_ERROR;
				CLANG_WARN_RANGE_LOOP_ANALYSIS = YES;
				CLANG_WARN_STRICT_PROTOTYPES = YES;
				CLANG_WARN_SUSPICIOUS_MOVE = YES;
				CLANG_WARN_UNGUARDED_AVAILABILITY = YES_AGGRESSIVE;
				CLANG_WARN_UNREACHABLE_CODE = YES;
				CLANG_WARN__DUPLICATE_METHOD_MATCH = YES;
				CODE_SIGN_IDENTITY = "iPhone Developer";
				COPY_PHASE_STRIP = NO;
				DEBUG_INFORMATION_FORMAT = dwarf;
				ENABLE_STRICT_OBJC_MSGSEND = YES;
				ENABLE_TESTABILITY = YES;
				GCC_C_LANGUAGE_STANDARD = gnu11;
				GCC_DYNAMIC_NO_PIC = NO;
				GCC_NO_COMMON_BLOCKS = YES;
				GCC_OPTIMIZATION_LEVEL = 0;
				GCC_PREPROCESSOR_DEFINITIONS = (
					"DEBUG=1",
					"$(inherited)",
				);
				GCC_WARN_64_TO_32_BIT_CONVERSION = YES;
				GCC_WARN_ABOUT_RETURN_TYPE = YES_ERROR;
				GCC_WARN_UNDECLARED_SELECTOR = YES;
				GCC_WARN_UNINITIALIZED_AUTOS = YES_AGGRESSIVE;
				GCC_WARN_UNUSED_FUNCTION = YES;
				GCC_WARN_UNUSED_VARIABLE = YES;
				IPHONEOS_DEPLOYMENT_TARGET = 12.4;
				MTL_ENABLE_DEBUG_INFO = INCLUDE_SOURCE;
				MTL_FAST_MATH = YES;
				ONLY_ACTIVE_ARCH = YES;
				SDKROOT = iphoneos;
				SWIFT_ACTIVE_COMPILATION_CONDITIONS = DEBUG;
				SWIFT_OPTIMIZATION_LEVEL = "-Onone";
			};
			name = Debug;
		};
		40F7F2A4231966E000F1CC05 /* Release */ = {
			isa = XCBuildConfiguration;
			buildSettings = {
				ALWAYS_SEARCH_USER_PATHS = NO;
				CLANG_ANALYZER_NONNULL = YES;
				CLANG_ANALYZER_NUMBER_OBJECT_CONVERSION = YES_AGGRESSIVE;
				CLANG_CXX_LANGUAGE_STANDARD = "gnu++14";
				CLANG_CXX_LIBRARY = "libc++";
				CLANG_ENABLE_MODULES = YES;
				CLANG_ENABLE_OBJC_ARC = YES;
				CLANG_ENABLE_OBJC_WEAK = YES;
				CLANG_WARN_BLOCK_CAPTURE_AUTORELEASING = YES;
				CLANG_WARN_BOOL_CONVERSION = YES;
				CLANG_WARN_COMMA = YES;
				CLANG_WARN_CONSTANT_CONVERSION = YES;
				CLANG_WARN_DEPRECATED_OBJC_IMPLEMENTATIONS = YES;
				CLANG_WARN_DIRECT_OBJC_ISA_USAGE = YES_ERROR;
				CLANG_WARN_DOCUMENTATION_COMMENTS = YES;
				CLANG_WARN_EMPTY_BODY = YES;
				CLANG_WARN_ENUM_CONVERSION = YES;
				CLANG_WARN_INFINITE_RECURSION = YES;
				CLANG_WARN_INT_CONVERSION = YES;
				CLANG_WARN_NON_LITERAL_NULL_CONVERSION = YES;
				CLANG_WARN_OBJC_IMPLICIT_RETAIN_SELF = YES;
				CLANG_WARN_OBJC_LITERAL_CONVERSION = YES;
				CLANG_WARN_OBJC_ROOT_CLASS = YES_ERROR;
				CLANG_WARN_RANGE_LOOP_ANALYSIS = YES;
				CLANG_WARN_STRICT_PROTOTYPES = YES;
				CLANG_WARN_SUSPICIOUS_MOVE = YES;
				CLANG_WARN_UNGUARDED_AVAILABILITY = YES_AGGRESSIVE;
				CLANG_WARN_UNREACHABLE_CODE = YES;
				CLANG_WARN__DUPLICATE_METHOD_MATCH = YES;
				CODE_SIGN_IDENTITY = "iPhone Developer";
				COPY_PHASE_STRIP = NO;
				DEBUG_INFORMATION_FORMAT = "dwarf-with-dsym";
				ENABLE_NS_ASSERTIONS = NO;
				ENABLE_STRICT_OBJC_MSGSEND = YES;
				GCC_C_LANGUAGE_STANDARD = gnu11;
				GCC_NO_COMMON_BLOCKS = YES;
				GCC_WARN_64_TO_32_BIT_CONVERSION = YES;
				GCC_WARN_ABOUT_RETURN_TYPE = YES_ERROR;
				GCC_WARN_UNDECLARED_SELECTOR = YES;
				GCC_WARN_UNINITIALIZED_AUTOS = YES_AGGRESSIVE;
				GCC_WARN_UNUSED_FUNCTION = YES;
				GCC_WARN_UNUSED_VARIABLE = YES;
				IPHONEOS_DEPLOYMENT_TARGET = 12.4;
				MTL_ENABLE_DEBUG_INFO = NO;
				MTL_FAST_MATH = YES;
				SDKROOT = iphoneos;
				SWIFT_COMPILATION_MODE = wholemodule;
				SWIFT_OPTIMIZATION_LEVEL = "-O";
				VALIDATE_PRODUCT = YES;
			};
			name = Release;
		};
		40F7F2A6231966E000F1CC05 /* Debug */ = {
			isa = XCBuildConfiguration;
			buildSettings = {
				ASSETCATALOG_COMPILER_APPICON_NAME = AppIcon;
				CODE_SIGN_STYLE = Automatic;
				INFOPLIST_FILE = BullsEye/Info.plist;
				LD_RUNPATH_SEARCH_PATHS = (
					"$(inherited)",
					"@executable_path/Frameworks",
				);
				PRODUCT_BUNDLE_IDENTIFIER = com.webeleven.BullsEye;
				PRODUCT_NAME = "$(TARGET_NAME)";
				SWIFT_VERSION = 5.0;
				TARGETED_DEVICE_FAMILY = "1,2";
			};
			name = Debug;
		};
		40F7F2A7231966E000F1CC05 /* Release */ = {
			isa = XCBuildConfiguration;
			buildSettings = {
				ASSETCATALOG_COMPILER_APPICON_NAME = AppIcon;
				CODE_SIGN_STYLE = Automatic;
				INFOPLIST_FILE = BullsEye/Info.plist;
				LD_RUNPATH_SEARCH_PATHS = (
					"$(inherited)",
					"@executable_path/Frameworks",
				);
				PRODUCT_BUNDLE_IDENTIFIER = com.webeleven.BullsEye;
				PRODUCT_NAME = "$(TARGET_NAME)";
				SWIFT_VERSION = 5.0;
				TARGETED_DEVICE_FAMILY = "1,2";
			};
			name = Release;
		};
		40F7F2A9231966E000F1CC05 /* Debug */ = {
			isa = XCBuildConfiguration;
			buildSettings = {
				ALWAYS_EMBED_SWIFT_STANDARD_LIBRARIES = YES;
				BUNDLE_LOADER = "$(TEST_HOST)";
				CODE_SIGN_STYLE = Automatic;
				INFOPLIST_FILE = BullsEyeTests/Info.plist;
				LD_RUNPATH_SEARCH_PATHS = (
					"$(inherited)",
					"@executable_path/Frameworks",
					"@loader_path/Frameworks",
				);
				PRODUCT_BUNDLE_IDENTIFIER = com.webeleven.BullsEyeTests;
				PRODUCT_NAME = "$(TARGET_NAME)";
				SWIFT_VERSION = 5.0;
				TARGETED_DEVICE_FAMILY = "1,2";
				TEST_HOST = "$(BUILT_PRODUCTS_DIR)/BullsEye.app/BullsEye";
			};
			name = Debug;
		};
		40F7F2AA231966E000F1CC05 /* Release */ = {
			isa = XCBuildConfiguration;
			buildSettings = {
				ALWAYS_EMBED_SWIFT_STANDARD_LIBRARIES = YES;
				BUNDLE_LOADER = "$(TEST_HOST)";
				CODE_SIGN_STYLE = Automatic;
				INFOPLIST_FILE = BullsEyeTests/Info.plist;
				LD_RUNPATH_SEARCH_PATHS = (
					"$(inherited)",
					"@executable_path/Frameworks",
					"@loader_path/Frameworks",
				);
				PRODUCT_BUNDLE_IDENTIFIER = com.webeleven.BullsEyeTests;
				PRODUCT_NAME = "$(TARGET_NAME)";
				SWIFT_VERSION = 5.0;
				TARGETED_DEVICE_FAMILY = "1,2";
				TEST_HOST = "$(BUILT_PRODUCTS_DIR)/BullsEye.app/BullsEye";
			};
			name = Release;
		};
		40F7F2AC231966E000F1CC05 /* Debug */ = {
			isa = XCBuildConfiguration;
			buildSettings = {
				ALWAYS_EMBED_SWIFT_STANDARD_LIBRARIES = YES;
				CODE_SIGN_STYLE = Automatic;
				INFOPLIST_FILE = BullsEyeUITests/Info.plist;
				LD_RUNPATH_SEARCH_PATHS = (
					"$(inherited)",
					"@executable_path/Frameworks",
					"@loader_path/Frameworks",
				);
				PRODUCT_BUNDLE_IDENTIFIER = com.webeleven.BullsEyeUITests;
				PRODUCT_NAME = "$(TARGET_NAME)";
				SWIFT_VERSION = 5.0;
				TARGETED_DEVICE_FAMILY = "1,2";
				TEST_TARGET_NAME = BullsEye;
			};
			name = Debug;
		};
		40F7F2AD231966E000F1CC05 /* Release */ = {
			isa = XCBuildConfiguration;
			buildSettings = {
				ALWAYS_EMBED_SWIFT_STANDARD_LIBRARIES = YES;
				CODE_SIGN_STYLE = Automatic;
				INFOPLIST_FILE = BullsEyeUITests/Info.plist;
				LD_RUNPATH_SEARCH_PATHS = (
					"$(inherited)",
					"@executable_path/Frameworks",
					"@loader_path/Frameworks",
				);
				PRODUCT_BUNDLE_IDENTIFIER = com.webeleven.BullsEyeUITests;
				PRODUCT_NAME = "$(TARGET_NAME)";
				SWIFT_VERSION = 5.0;
				TARGETED_DEVICE_FAMILY = "1,2";
				TEST_TARGET_NAME = BullsEye;
			};
			name = Release;
		};
/* End XCBuildConfiguration section */

/* Begin XCConfigurationList section */
		40F7F278231966DD00F1CC05 /* Build configuration list for PBXProject "BullsEye" */ = {
			isa = XCConfigurationList;
			buildConfigurations = (
				40F7F2A3231966E000F1CC05 /* Debug */,
				40F7F2A4231966E000F1CC05 /* Release */,
			);
			defaultConfigurationIsVisible = 0;
			defaultConfigurationName = Release;
		};
		40F7F2A5231966E000F1CC05 /* Build configuration list for PBXNativeTarget "BullsEye" */ = {
			isa = XCConfigurationList;
			buildConfigurations = (
				40F7F2A6231966E000F1CC05 /* Debug */,
				40F7F2A7231966E000F1CC05 /* Release */,
			);
			defaultConfigurationIsVisible = 0;
			defaultConfigurationName = Release;
		};
		40F7F2A8231966E000F1CC05 /* Build configuration list for PBXNativeTarget "BullsEyeTests" */ = {
			isa = XCConfigurationList;
			buildConfigurations = (
				40F7F2A9231966E000F1CC05 /* Debug */,
				40F7F2AA231966E000F1CC05 /* Release */,
			);
			defaultConfigurationIsVisible = 0;
			defaultConfigurationName = Release;
		};
		40F7F2AB231966E000F1CC05 /* Build configuration list for PBXNativeTarget "BullsEyeUITests" */ = {
			isa = XCConfigurationList;
			buildConfigurations = (
				40F7F2AC231966E000F1CC05 /* Debug */,
				40F7F2AD231966E000F1CC05 /* Release */,
			);
			defaultConfigurationIsVisible = 0;
			defaultConfigurationName = Release;
		};
/* End XCConfigurationList section */
	};
	rootObject = 40F7F275231966DD00F1CC05 /* Project object */;
}
